
Microsoft Visual Studio Solution File, Format Version 12.00
# Visual Studio 2013
VisualStudioVersion = 12.0.30723.0
MinimumVisualStudioVersion = 10.0.40219.1
Project("{FAE04EC0-301F-11D3-BF4B-00C04F79EFBC}") = "MeshMachine", "GilgaMesh\MeshMachine.csproj", "{DCF547E9-01BA-4AB8-9703-CD73F8E9B008}"
EndProject
Global
	GlobalSection(SolutionConfigurationPlatforms) = preSolution
		Debug32|Any CPU = Debug32|Any CPU
		Debug64|Any CPU = Debug64|Any CPU
		Release|Any CPU = Release|Any CPU
	EndGlobalSection
	GlobalSection(ProjectConfigurationPlatforms) = postSolution
		{DCF547E9-01BA-4AB8-9703-CD73F8E9B008}.Debug32|Any CPU.ActiveCfg = Debug32|Any CPU
		{DCF547E9-01BA-4AB8-9703-CD73F8E9B008}.Debug32|Any CPU.Build.0 = Debug32|Any CPU
		{DCF547E9-01BA-4AB8-9703-CD73F8E9B008}.Debug64|Any CPU.ActiveCfg = Debug64|Any CPU
		{DCF547E9-01BA-4AB8-9703-CD73F8E9B008}.Debug64|Any CPU.Build.0 = Debug64|Any CPU
		{DCF547E9-01BA-4AB8-9703-CD73F8E9B008}.Release|Any CPU.ActiveCfg = Release|Any CPU
		{DCF547E9-01BA-4AB8-9703-CD73F8E9B008}.Release|Any CPU.Build.0 = Release|Any CPU
	EndGlobalSection
	GlobalSection(SolutionProperties) = preSolution
		HideSolutionNode = FALSE
	EndGlobalSection
EndGlobal
